
Microsoft Visual Studio Solution File, Format Version 12.00
# Visual Studio Version 16
VisualStudioVersion = 16.0.30611.23
MinimumVisualStudioVersion = 10.0.40219.1
Project("{FAE04EC0-301F-11D3-BF4B-00C04F79EFBC}") = "Giraffe", "Giraffe\Giraffe.csproj", "{79C3B4AA-AEFC-4AB7-9AD3-5A77B656A0B9}"
EndProject
Global
	GlobalSection(SolutionConfigurationPlatforms) = preSolution
		Debug|Any CPU = Debug|Any CPU
		Release|Any CPU = Release|Any CPU
	EndGlobalSection
	GlobalSection(ProjectConfigurationPlatforms) = postSolution
		{79C3B4AA-AEFC-4AB7-9AD3-5A77B656A0B9}.Debug|Any CPU.ActiveCfg = Debug|Any CPU
		{79C3B4AA-AEFC-4AB7-9AD3-5A77B656A0B9}.Debug|Any CPU.Build.0 = Debug|Any CPU
		{79C3B4AA-AEFC-4AB7-9AD3-5A77B656A0B9}.Release|Any CPU.ActiveCfg = Release|Any CPU
		{79C3B4AA-AEFC-4AB7-9AD3-5A77B656A0B9}.Release|Any CPU.Build.0 = Release|Any CPU
	EndGlobalSection
	GlobalSection(SolutionProperties) = preSolution
		HideSolutionNode = FALSE
	EndGlobalSection
	GlobalSection(ExtensibilityGlobals) = postSolution
		SolutionGuid = {84FAA570-F772-48CA-82FE-2A8B243E4F92}
	EndGlobalSection
EndGlobal
